// !$*UTF8*$!
{
	archiveVersion = 1;
	classes = {
	};
	objectVersion = 46;
	objects = {

/* Begin PBXBuildFile section */
		029EEC650970000884EB4FF6 /* Pods_TicTacToeAppTests.framework in Frameworks */ = {isa = PBXBuildFile; fileRef = ED76CA4C5F7F69D5682B65E4 /* Pods_TicTacToeAppTests.framework */; };
		0609696E1C3B116F004F22FE /* Board.swift in Sources */ = {isa = PBXBuildFile; fileRef = 0609696D1C3B116F004F22FE /* Board.swift */; };
		060969741C3B2872004F22FE /* Game.swift in Sources */ = {isa = PBXBuildFile; fileRef = 060969731C3B2872004F22FE /* Game.swift */; };
		062D24D01C4FE5AF00B8C795 /* AsyncHttpClient.swift in Sources */ = {isa = PBXBuildFile; fileRef = 062D24CF1C4FE5AF00B8C795 /* AsyncHttpClient.swift */; };
		0647B5791C31E1D800BAC183 /* AppDelegate.swift in Sources */ = {isa = PBXBuildFile; fileRef = 0647B5781C31E1D800BAC183 /* AppDelegate.swift */; };
		0647B57B1C31E1D800BAC183 /* ViewController.swift in Sources */ = {isa = PBXBuildFile; fileRef = 0647B57A1C31E1D800BAC183 /* ViewController.swift */; };
		0647B57E1C31E1D800BAC183 /* Main.storyboard in Resources */ = {isa = PBXBuildFile; fileRef = 0647B57C1C31E1D800BAC183 /* Main.storyboard */; settings = {ASSET_TAGS = (0, ); }; };
		0647B5801C31E1D800BAC183 /* Assets.xcassets in Resources */ = {isa = PBXBuildFile; fileRef = 0647B57F1C31E1D800BAC183 /* Assets.xcassets */; };
		0647B5831C31E1D800BAC183 /* LaunchScreen.storyboard in Resources */ = {isa = PBXBuildFile; fileRef = 0647B5811C31E1D800BAC183 /* LaunchScreen.storyboard */; };
		065759AB1C3F0A8C00A0C2FA /* ComputerPlayer.swift in Sources */ = {isa = PBXBuildFile; fileRef = 065759AA1C3F0A8C00A0C2FA /* ComputerPlayer.swift */; };
		065759AD1C3F0A9A00A0C2FA /* ComputerPlayerSpec.swift in Sources */ = {isa = PBXBuildFile; fileRef = 065759AC1C3F0A9A00A0C2FA /* ComputerPlayerSpec.swift */; };
		0684401F1C3C5FF9009CCFA4 /* BoardSpec.swift in Sources */ = {isa = PBXBuildFile; fileRef = 0684401E1C3C5FF9009CCFA4 /* BoardSpec.swift */; };
		068440211C3C6A10009CCFA4 /* GameSpec.swift in Sources */ = {isa = PBXBuildFile; fileRef = 068440201C3C6A10009CCFA4 /* GameSpec.swift */; };
		06A8A8501C45A0140086A917 /* BoardButtons.swift in Sources */ = {isa = PBXBuildFile; fileRef = 06A8A84F1C45A0140086A917 /* BoardButtons.swift */; };
		06A8A8521C45A0200086A917 /* BoardButtonsSpec.swift in Sources */ = {isa = PBXBuildFile; fileRef = 06A8A8511C45A0200086A917 /* BoardButtonsSpec.swift */; };
		06DB7E841C3DB5EC0084C1D9 /* GamePrompt.swift in Sources */ = {isa = PBXBuildFile; fileRef = 06DB7E831C3DB5EC0084C1D9 /* GamePrompt.swift */; };
		06DB7E861C3DB5FB0084C1D9 /* GamePromptSpec.swift in Sources */ = {isa = PBXBuildFile; fileRef = 06DB7E851C3DB5FB0084C1D9 /* GamePromptSpec.swift */; };
		06DB7E881C3DBAF80084C1D9 /* PlayerMark.swift in Sources */ = {isa = PBXBuildFile; fileRef = 06DB7E871C3DBAF80084C1D9 /* PlayerMark.swift */; };
		06E34AEA1C3C299C00CD529B /* ViewControllerSpec.swift in Sources */ = {isa = PBXBuildFile; fileRef = 06E34AE91C3C299C00CD529B /* ViewControllerSpec.swift */; };
		06F97B5F1C3F1E2500B54625 /* GameMode.swift in Sources */ = {isa = PBXBuildFile; fileRef = 06F97B5E1C3F1E2500B54625 /* GameMode.swift */; };
		06FE35271C4EDBA200D4F54E /* HttpClient.swift in Sources */ = {isa = PBXBuildFile; fileRef = 06FE35261C4EDBA200D4F54E /* HttpClient.swift */; };
/* End PBXBuildFile section */

/* Begin PBXContainerItemProxy section */
		0647B58A1C31E1D800BAC183 /* PBXContainerItemProxy */ = {
			isa = PBXContainerItemProxy;
			containerPortal = 0647B56D1C31E1D700BAC183 /* Project object */;
			proxyType = 1;
			remoteGlobalIDString = 0647B5741C31E1D700BAC183;
			remoteInfo = TicTacToeApp;
		};
/* End PBXContainerItemProxy section */

/* Begin PBXFileReference section */
		0609696D1C3B116F004F22FE /* Board.swift */ = {isa = PBXFileReference; fileEncoding = 4; lastKnownFileType = sourcecode.swift; path = Board.swift; sourceTree = "<group>"; };
		060969731C3B2872004F22FE /* Game.swift */ = {isa = PBXFileReference; fileEncoding = 4; lastKnownFileType = sourcecode.swift; path = Game.swift; sourceTree = "<group>"; };
		062D24CF1C4FE5AF00B8C795 /* AsyncHttpClient.swift */ = {isa = PBXFileReference; fileEncoding = 4; lastKnownFileType = sourcecode.swift; path = AsyncHttpClient.swift; sourceTree = "<group>"; };
		0647B5751C31E1D700BAC183 /* TicTacToeApp.app */ = {isa = PBXFileReference; explicitFileType = wrapper.application; includeInIndex = 0; path = TicTacToeApp.app; sourceTree = BUILT_PRODUCTS_DIR; };
		0647B5781C31E1D800BAC183 /* AppDelegate.swift */ = {isa = PBXFileReference; lastKnownFileType = sourcecode.swift; path = AppDelegate.swift; sourceTree = "<group>"; };
		0647B57A1C31E1D800BAC183 /* ViewController.swift */ = {isa = PBXFileReference; lastKnownFileType = sourcecode.swift; path = ViewController.swift; sourceTree = "<group>"; };
		0647B57D1C31E1D800BAC183 /* Base */ = {isa = PBXFileReference; lastKnownFileType = file.storyboard; name = Base; path = Base.lproj/Main.storyboard; sourceTree = "<group>"; };
		0647B57F1C31E1D800BAC183 /* Assets.xcassets */ = {isa = PBXFileReference; lastKnownFileType = folder.assetcatalog; path = Assets.xcassets; sourceTree = "<group>"; };
		0647B5821C31E1D800BAC183 /* Base */ = {isa = PBXFileReference; lastKnownFileType = file.storyboard; name = Base; path = Base.lproj/LaunchScreen.storyboard; sourceTree = "<group>"; };
		0647B5841C31E1D800BAC183 /* Info.plist */ = {isa = PBXFileReference; lastKnownFileType = text.plist.xml; path = Info.plist; sourceTree = "<group>"; };
		0647B5891C31E1D800BAC183 /* TicTacToeAppTests.xctest */ = {isa = PBXFileReference; explicitFileType = wrapper.cfbundle; includeInIndex = 0; path = TicTacToeAppTests.xctest; sourceTree = BUILT_PRODUCTS_DIR; };
		0647B58F1C31E1D800BAC183 /* Info.plist */ = {isa = PBXFileReference; lastKnownFileType = text.plist.xml; path = Info.plist; sourceTree = "<group>"; };
		065759AA1C3F0A8C00A0C2FA /* ComputerPlayer.swift */ = {isa = PBXFileReference; fileEncoding = 4; lastKnownFileType = sourcecode.swift; path = ComputerPlayer.swift; sourceTree = "<group>"; };
		065759AC1C3F0A9A00A0C2FA /* ComputerPlayerSpec.swift */ = {isa = PBXFileReference; fileEncoding = 4; lastKnownFileType = sourcecode.swift; path = ComputerPlayerSpec.swift; sourceTree = "<group>"; };
		0684401E1C3C5FF9009CCFA4 /* BoardSpec.swift */ = {isa = PBXFileReference; fileEncoding = 4; lastKnownFileType = sourcecode.swift; path = BoardSpec.swift; sourceTree = "<group>"; };
		068440201C3C6A10009CCFA4 /* GameSpec.swift */ = {isa = PBXFileReference; fileEncoding = 4; lastKnownFileType = sourcecode.swift; path = GameSpec.swift; sourceTree = "<group>"; };
		06A8A84F1C45A0140086A917 /* BoardButtons.swift */ = {isa = PBXFileReference; fileEncoding = 4; lastKnownFileType = sourcecode.swift; path = BoardButtons.swift; sourceTree = "<group>"; };
		06A8A8511C45A0200086A917 /* BoardButtonsSpec.swift */ = {isa = PBXFileReference; fileEncoding = 4; lastKnownFileType = sourcecode.swift; path = BoardButtonsSpec.swift; sourceTree = "<group>"; };
		06DB7E831C3DB5EC0084C1D9 /* GamePrompt.swift */ = {isa = PBXFileReference; fileEncoding = 4; lastKnownFileType = sourcecode.swift; path = GamePrompt.swift; sourceTree = "<group>"; };
		06DB7E851C3DB5FB0084C1D9 /* GamePromptSpec.swift */ = {isa = PBXFileReference; fileEncoding = 4; lastKnownFileType = sourcecode.swift; path = GamePromptSpec.swift; sourceTree = "<group>"; };
		06DB7E871C3DBAF80084C1D9 /* PlayerMark.swift */ = {isa = PBXFileReference; fileEncoding = 4; lastKnownFileType = sourcecode.swift; path = PlayerMark.swift; sourceTree = "<group>"; };
		06E34AE91C3C299C00CD529B /* ViewControllerSpec.swift */ = {isa = PBXFileReference; fileEncoding = 4; lastKnownFileType = sourcecode.swift; path = ViewControllerSpec.swift; sourceTree = "<group>"; };
		06F97B5E1C3F1E2500B54625 /* GameMode.swift */ = {isa = PBXFileReference; fileEncoding = 4; lastKnownFileType = sourcecode.swift; path = GameMode.swift; sourceTree = "<group>"; };
		06FE35261C4EDBA200D4F54E /* HttpClient.swift */ = {isa = PBXFileReference; fileEncoding = 4; lastKnownFileType = sourcecode.swift; path = HttpClient.swift; sourceTree = "<group>"; };
		2AECFB298BA2C6F0776B31E5 /* Pods-TicTacToeAppTests.release.xcconfig */ = {isa = PBXFileReference; includeInIndex = 1; lastKnownFileType = text.xcconfig; name = "Pods-TicTacToeAppTests.release.xcconfig"; path = "Pods/Target Support Files/Pods-TicTacToeAppTests/Pods-TicTacToeAppTests.release.xcconfig"; sourceTree = "<group>"; };
		6B8C6FD05508BEFFD58DB3BF /* Pods-TicTacToeAppTests.debug.xcconfig */ = {isa = PBXFileReference; includeInIndex = 1; lastKnownFileType = text.xcconfig; name = "Pods-TicTacToeAppTests.debug.xcconfig"; path = "Pods/Target Support Files/Pods-TicTacToeAppTests/Pods-TicTacToeAppTests.debug.xcconfig"; sourceTree = "<group>"; };
		ED76CA4C5F7F69D5682B65E4 /* Pods_TicTacToeAppTests.framework */ = {isa = PBXFileReference; explicitFileType = wrapper.framework; includeInIndex = 0; path = Pods_TicTacToeAppTests.framework; sourceTree = BUILT_PRODUCTS_DIR; };
/* End PBXFileReference section */

/* Begin PBXFrameworksBuildPhase section */
		0647B5721C31E1D700BAC183 /* Frameworks */ = {
			isa = PBXFrameworksBuildPhase;
			buildActionMask = 2147483647;
			files = (
			);
			runOnlyForDeploymentPostprocessing = 0;
		};
		0647B5861C31E1D800BAC183 /* Frameworks */ = {
			isa = PBXFrameworksBuildPhase;
			buildActionMask = 2147483647;
			files = (
				029EEC650970000884EB4FF6 /* Pods_TicTacToeAppTests.framework in Frameworks */,
			);
			runOnlyForDeploymentPostprocessing = 0;
		};
/* End PBXFrameworksBuildPhase section */

/* Begin PBXGroup section */
		0647B56C1C31E1D700BAC183 = {
			isa = PBXGroup;
			children = (
				0647B5771C31E1D700BAC183 /* TicTacToeApp */,
				0647B58C1C31E1D800BAC183 /* TicTacToeAppTests */,
				0647B5761C31E1D700BAC183 /* Products */,
				417B9CD41BFE39ECAAD485EC /* Pods */,
				3F980B037F96CADC03CF11BD /* Frameworks */,
			);
			sourceTree = "<group>";
		};
		0647B5761C31E1D700BAC183 /* Products */ = {
			isa = PBXGroup;
			children = (
				0647B5751C31E1D700BAC183 /* TicTacToeApp.app */,
				0647B5891C31E1D800BAC183 /* TicTacToeAppTests.xctest */,
			);
			name = Products;
			sourceTree = "<group>";
		};
		0647B5771C31E1D700BAC183 /* TicTacToeApp */ = {
			isa = PBXGroup;
			children = (
				0647B5781C31E1D800BAC183 /* AppDelegate.swift */,
				0647B57A1C31E1D800BAC183 /* ViewController.swift */,
				0647B57C1C31E1D800BAC183 /* Main.storyboard */,
				0647B57F1C31E1D800BAC183 /* Assets.xcassets */,
				0647B5811C31E1D800BAC183 /* LaunchScreen.storyboard */,
				0647B5841C31E1D800BAC183 /* Info.plist */,
				0609696D1C3B116F004F22FE /* Board.swift */,
				060969731C3B2872004F22FE /* Game.swift */,
				06DB7E831C3DB5EC0084C1D9 /* GamePrompt.swift */,
				06DB7E871C3DBAF80084C1D9 /* PlayerMark.swift */,
				065759AA1C3F0A8C00A0C2FA /* ComputerPlayer.swift */,
				06F97B5E1C3F1E2500B54625 /* GameMode.swift */,
				06A8A84F1C45A0140086A917 /* BoardButtons.swift */,
				06FE35261C4EDBA200D4F54E /* HttpClient.swift */,
				062D24CF1C4FE5AF00B8C795 /* AsyncHttpClient.swift */,
			);
			path = TicTacToeApp;
			sourceTree = "<group>";
		};
		0647B58C1C31E1D800BAC183 /* TicTacToeAppTests */ = {
			isa = PBXGroup;
			children = (
				0647B58F1C31E1D800BAC183 /* Info.plist */,
				06E34AE91C3C299C00CD529B /* ViewControllerSpec.swift */,
				0684401E1C3C5FF9009CCFA4 /* BoardSpec.swift */,
				068440201C3C6A10009CCFA4 /* GameSpec.swift */,
				06DB7E851C3DB5FB0084C1D9 /* GamePromptSpec.swift */,
				065759AC1C3F0A9A00A0C2FA /* ComputerPlayerSpec.swift */,
				06A8A8511C45A0200086A917 /* BoardButtonsSpec.swift */,
			);
			path = TicTacToeAppTests;
			sourceTree = "<group>";
		};
		3F980B037F96CADC03CF11BD /* Frameworks */ = {
			isa = PBXGroup;
			children = (
				ED76CA4C5F7F69D5682B65E4 /* Pods_TicTacToeAppTests.framework */,
			);
			name = Frameworks;
			sourceTree = "<group>";
		};
		417B9CD41BFE39ECAAD485EC /* Pods */ = {
			isa = PBXGroup;
			children = (
				6B8C6FD05508BEFFD58DB3BF /* Pods-TicTacToeAppTests.debug.xcconfig */,
				2AECFB298BA2C6F0776B31E5 /* Pods-TicTacToeAppTests.release.xcconfig */,
			);
			name = Pods;
			sourceTree = "<group>";
		};
/* End PBXGroup section */

/* Begin PBXNativeTarget section */
		0647B5741C31E1D700BAC183 /* TicTacToeApp */ = {
			isa = PBXNativeTarget;
			buildConfigurationList = 0647B5921C31E1D800BAC183 /* Build configuration list for PBXNativeTarget "TicTacToeApp" */;
			buildPhases = (
				0647B5711C31E1D700BAC183 /* Sources */,
				0647B5721C31E1D700BAC183 /* Frameworks */,
				0647B5731C31E1D700BAC183 /* Resources */,
			);
			buildRules = (
			);
			dependencies = (
			);
			name = TicTacToeApp;
			productName = TicTacToeApp;
			productReference = 0647B5751C31E1D700BAC183 /* TicTacToeApp.app */;
			productType = "com.apple.product-type.application";
		};
		0647B5881C31E1D800BAC183 /* TicTacToeAppTests */ = {
			isa = PBXNativeTarget;
			buildConfigurationList = 0647B5951C31E1D800BAC183 /* Build configuration list for PBXNativeTarget "TicTacToeAppTests" */;
			buildPhases = (
				04CA64C914A1477A2636C30F /* Check Pods Manifest.lock */,
				0647B5851C31E1D800BAC183 /* Sources */,
				0647B5861C31E1D800BAC183 /* Frameworks */,
				0647B5871C31E1D800BAC183 /* Resources */,
				3F8B884F30632A8CAC0AFEBA /* Embed Pods Frameworks */,
				36C25DE59B496EED69898E3D /* Copy Pods Resources */,
			);
			buildRules = (
			);
			dependencies = (
				0647B58B1C31E1D800BAC183 /* PBXTargetDependency */,
			);
			name = TicTacToeAppTests;
			productName = TicTacToeAppTests;
			productReference = 0647B5891C31E1D800BAC183 /* TicTacToeAppTests.xctest */;
			productType = "com.apple.product-type.bundle.unit-test";
		};
/* End PBXNativeTarget section */

/* Begin PBXProject section */
		0647B56D1C31E1D700BAC183 /* Project object */ = {
			isa = PBXProject;
			attributes = {
				KnownAssetTags = (
					0,
				);
				LastSwiftUpdateCheck = 0720;
				LastUpgradeCheck = 0720;
				ORGANIZATIONNAME = scarvill;
				TargetAttributes = {
					0647B5741C31E1D700BAC183 = {
						CreatedOnToolsVersion = 7.2;
					};
					0647B5881C31E1D800BAC183 = {
						CreatedOnToolsVersion = 7.2;
						TestTargetID = 0647B5741C31E1D700BAC183;
					};
				};
			};
			buildConfigurationList = 0647B5701C31E1D700BAC183 /* Build configuration list for PBXProject "TicTacToeApp" */;
			compatibilityVersion = "Xcode 3.2";
			developmentRegion = English;
			hasScannedForEncodings = 0;
			knownRegions = (
				en,
				Base,
			);
			mainGroup = 0647B56C1C31E1D700BAC183;
			productRefGroup = 0647B5761C31E1D700BAC183 /* Products */;
			projectDirPath = "";
			projectRoot = "";
			targets = (
				0647B5741C31E1D700BAC183 /* TicTacToeApp */,
				0647B5881C31E1D800BAC183 /* TicTacToeAppTests */,
			);
		};
/* End PBXProject section */

/* Begin PBXResourcesBuildPhase section */
		0647B5731C31E1D700BAC183 /* Resources */ = {
			isa = PBXResourcesBuildPhase;
			buildActionMask = 2147483647;
			files = (
				0647B5831C31E1D800BAC183 /* LaunchScreen.storyboard in Resources */,
				0647B5801C31E1D800BAC183 /* Assets.xcassets in Resources */,
				0647B57E1C31E1D800BAC183 /* Main.storyboard in Resources */,
			);
			runOnlyForDeploymentPostprocessing = 0;
		};
		0647B5871C31E1D800BAC183 /* Resources */ = {
			isa = PBXResourcesBuildPhase;
			buildActionMask = 2147483647;
			files = (
			);
			runOnlyForDeploymentPostprocessing = 0;
		};
/* End PBXResourcesBuildPhase section */

/* Begin PBXShellScriptBuildPhase section */
		04CA64C914A1477A2636C30F /* Check Pods Manifest.lock */ = {
			isa = PBXShellScriptBuildPhase;
			buildActionMask = 2147483647;
			files = (
			);
			inputPaths = (
			);
			name = "Check Pods Manifest.lock";
			outputPaths = (
			);
			runOnlyForDeploymentPostprocessing = 0;
			shellPath = /bin/sh;
			shellScript = "diff \"${PODS_ROOT}/../Podfile.lock\" \"${PODS_ROOT}/Manifest.lock\" > /dev/null\nif [[ $? != 0 ]] ; then\n    cat << EOM\nerror: The sandbox is not in sync with the Podfile.lock. Run 'pod install' or update your CocoaPods installation.\nEOM\n    exit 1\nfi\n";
			showEnvVarsInLog = 0;
		};
		36C25DE59B496EED69898E3D /* Copy Pods Resources */ = {
			isa = PBXShellScriptBuildPhase;
			buildActionMask = 2147483647;
			files = (
			);
			inputPaths = (
			);
			name = "Copy Pods Resources";
			outputPaths = (
			);
			runOnlyForDeploymentPostprocessing = 0;
			shellPath = /bin/sh;
			shellScript = "\"${SRCROOT}/Pods/Target Support Files/Pods-TicTacToeAppTests/Pods-TicTacToeAppTests-resources.sh\"\n";
			showEnvVarsInLog = 0;
		};
		3F8B884F30632A8CAC0AFEBA /* Embed Pods Frameworks */ = {
			isa = PBXShellScriptBuildPhase;
			buildActionMask = 2147483647;
			files = (
			);
			inputPaths = (
			);
			name = "Embed Pods Frameworks";
			outputPaths = (
			);
			runOnlyForDeploymentPostprocessing = 0;
			shellPath = /bin/sh;
			shellScript = "\"${SRCROOT}/Pods/Target Support Files/Pods-TicTacToeAppTests/Pods-TicTacToeAppTests-frameworks.sh\"\n";
			showEnvVarsInLog = 0;
		};
/* End PBXShellScriptBuildPhase section */

/* Begin PBXSourcesBuildPhase section */
		0647B5711C31E1D700BAC183 /* Sources */ = {
			isa = PBXSourcesBuildPhase;
			buildActionMask = 2147483647;
			files = (
				06FE35271C4EDBA200D4F54E /* HttpClient.swift in Sources */,
				062D24D01C4FE5AF00B8C795 /* AsyncHttpClient.swift in Sources */,
				06F97B5F1C3F1E2500B54625 /* GameMode.swift in Sources */,
				06DB7E841C3DB5EC0084C1D9 /* GamePrompt.swift in Sources */,
				0647B57B1C31E1D800BAC183 /* ViewController.swift in Sources */,
				0647B5791C31E1D800BAC183 /* AppDelegate.swift in Sources */,
				06DB7E881C3DBAF80084C1D9 /* PlayerMark.swift in Sources */,
				0609696E1C3B116F004F22FE /* Board.swift in Sources */,
				060969741C3B2872004F22FE /* Game.swift in Sources */,
				06A8A8501C45A0140086A917 /* BoardButtons.swift in Sources */,
				065759AB1C3F0A8C00A0C2FA /* ComputerPlayer.swift in Sources */,
			);
			runOnlyForDeploymentPostprocessing = 0;
		};
		0647B5851C31E1D800BAC183 /* Sources */ = {
			isa = PBXSourcesBuildPhase;
			buildActionMask = 2147483647;
			files = (
				068440211C3C6A10009CCFA4 /* GameSpec.swift in Sources */,
				06A8A8521C45A0200086A917 /* BoardButtonsSpec.swift in Sources */,
				0684401F1C3C5FF9009CCFA4 /* BoardSpec.swift in Sources */,
				065759AD1C3F0A9A00A0C2FA /* ComputerPlayerSpec.swift in Sources */,
				06DB7E861C3DB5FB0084C1D9 /* GamePromptSpec.swift in Sources */,
				06E34AEA1C3C299C00CD529B /* ViewControllerSpec.swift in Sources */,
			);
			runOnlyForDeploymentPostprocessing = 0;
		};
/* End PBXSourcesBuildPhase section */

/* Begin PBXTargetDependency section */
		0647B58B1C31E1D800BAC183 /* PBXTargetDependency */ = {
			isa = PBXTargetDependency;
			target = 0647B5741C31E1D700BAC183 /* TicTacToeApp */;
			targetProxy = 0647B58A1C31E1D800BAC183 /* PBXContainerItemProxy */;
		};
/* End PBXTargetDependency section */

/* Begin PBXVariantGroup section */
		0647B57C1C31E1D800BAC183 /* Main.storyboard */ = {
			isa = PBXVariantGroup;
			children = (
				0647B57D1C31E1D800BAC183 /* Base */,
			);
			name = Main.storyboard;
			sourceTree = "<group>";
		};
		0647B5811C31E1D800BAC183 /* LaunchScreen.storyboard */ = {
			isa = PBXVariantGroup;
			children = (
				0647B5821C31E1D800BAC183 /* Base */,
			);
			name = LaunchScreen.storyboard;
			sourceTree = "<group>";
		};
/* End PBXVariantGroup section */

/* Begin XCBuildConfiguration section */
		0647B5901C31E1D800BAC183 /* Debug */ = {
			isa = XCBuildConfiguration;
			buildSettings = {
				ALWAYS_SEARCH_USER_PATHS = NO;
				CLANG_CXX_LANGUAGE_STANDARD = "gnu++0x";
				CLANG_CXX_LIBRARY = "libc++";
				CLANG_ENABLE_MODULES = YES;
				CLANG_ENABLE_OBJC_ARC = YES;
				CLANG_WARN_BOOL_CONVERSION = YES;
				CLANG_WARN_CONSTANT_CONVERSION = YES;
				CLANG_WARN_DIRECT_OBJC_ISA_USAGE = YES_ERROR;
				CLANG_WARN_EMPTY_BODY = YES;
				CLANG_WARN_ENUM_CONVERSION = YES;
				CLANG_WARN_INT_CONVERSION = YES;
				CLANG_WARN_OBJC_ROOT_CLASS = YES_ERROR;
				CLANG_WARN_UNREACHABLE_CODE = YES;
				CLANG_WARN__DUPLICATE_METHOD_MATCH = YES;
				"CODE_SIGN_IDENTITY[sdk=iphoneos*]" = "iPhone Developer";
				COPY_PHASE_STRIP = NO;
				DEBUG_INFORMATION_FORMAT = dwarf;
				ENABLE_STRICT_OBJC_MSGSEND = YES;
				ENABLE_TESTABILITY = YES;
				GCC_C_LANGUAGE_STANDARD = gnu99;
				GCC_DYNAMIC_NO_PIC = NO;
				GCC_NO_COMMON_BLOCKS = YES;
				GCC_OPTIMIZATION_LEVEL = 0;
				GCC_PREPROCESSOR_DEFINITIONS = (
					"DEBUG=1",
					"$(inherited)",
				);
				GCC_WARN_64_TO_32_BIT_CONVERSION = YES;
				GCC_WARN_ABOUT_RETURN_TYPE = YES_ERROR;
				GCC_WARN_UNDECLARED_SELECTOR = YES;
				GCC_WARN_UNINITIALIZED_AUTOS = YES_AGGRESSIVE;
				GCC_WARN_UNUSED_FUNCTION = YES;
				GCC_WARN_UNUSED_VARIABLE = YES;
				IPHONEOS_DEPLOYMENT_TARGET = 9.2;
				MTL_ENABLE_DEBUG_INFO = YES;
				ONLY_ACTIVE_ARCH = YES;
				SDKROOT = iphoneos;
				SWIFT_OPTIMIZATION_LEVEL = "-Onone";
				TARGETED_DEVICE_FAMILY = "1,2";
			};
			name = Debug;
		};
		0647B5911C31E1D800BAC183 /* Release */ = {
			isa = XCBuildConfiguration;
			buildSettings = {
				ALWAYS_SEARCH_USER_PATHS = NO;
				CLANG_CXX_LANGUAGE_STANDARD = "gnu++0x";
				CLANG_CXX_LIBRARY = "libc++";
				CLANG_ENABLE_MODULES = YES;
				CLANG_ENABLE_OBJC_ARC = YES;
				CLANG_WARN_BOOL_CONVERSION = YES;
				CLANG_WARN_CONSTANT_CONVERSION = YES;
				CLANG_WARN_DIRECT_OBJC_ISA_USAGE = YES_ERROR;
				CLANG_WARN_EMPTY_BODY = YES;
				CLANG_WARN_ENUM_CONVERSION = YES;
				CLANG_WARN_INT_CONVERSION = YES;
				CLANG_WARN_OBJC_ROOT_CLASS = YES_ERROR;
				CLANG_WARN_UNREACHABLE_CODE = YES;
				CLANG_WARN__DUPLICATE_METHOD_MATCH = YES;
				"CODE_SIGN_IDENTITY[sdk=iphoneos*]" = "iPhone Developer";
				COPY_PHASE_STRIP = NO;
				DEBUG_INFORMATION_FORMAT = "dwarf-with-dsym";
				ENABLE_NS_ASSERTIONS = NO;
				ENABLE_STRICT_OBJC_MSGSEND = YES;
				GCC_C_LANGUAGE_STANDARD = gnu99;
				GCC_NO_COMMON_BLOCKS = YES;
				GCC_WARN_64_TO_32_BIT_CONVERSION = YES;
				GCC_WARN_ABOUT_RETURN_TYPE = YES_ERROR;
				GCC_WARN_UNDECLARED_SELECTOR = YES;
				GCC_WARN_UNINITIALIZED_AUTOS = YES_AGGRESSIVE;
				GCC_WARN_UNUSED_FUNCTION = YES;
				GCC_WARN_UNUSED_VARIABLE = YES;
				IPHONEOS_DEPLOYMENT_TARGET = 9.2;
				MTL_ENABLE_DEBUG_INFO = NO;
				SDKROOT = iphoneos;
				TARGETED_DEVICE_FAMILY = "1,2";
				VALIDATE_PRODUCT = YES;
			};
			name = Release;
		};
		0647B5931C31E1D800BAC183 /* Debug */ = {
			isa = XCBuildConfiguration;
			buildSettings = {
				ASSETCATALOG_COMPILER_APPICON_NAME = AppIcon;
				INFOPLIST_FILE = TicTacToeApp/Info.plist;
				LD_RUNPATH_SEARCH_PATHS = "$(inherited) @executable_path/Frameworks";
				PRODUCT_BUNDLE_IDENTIFIER = scarvill.TicTacToeApp;
				PRODUCT_NAME = "$(TARGET_NAME)";
			};
			name = Debug;
		};
		0647B5941C31E1D800BAC183 /* Release */ = {
			isa = XCBuildConfiguration;
			buildSettings = {
				ASSETCATALOG_COMPILER_APPICON_NAME = AppIcon;
				INFOPLIST_FILE = TicTacToeApp/Info.plist;
				LD_RUNPATH_SEARCH_PATHS = "$(inherited) @executable_path/Frameworks";
				PRODUCT_BUNDLE_IDENTIFIER = scarvill.TicTacToeApp;
				PRODUCT_NAME = "$(TARGET_NAME)";
			};
			name = Release;
		};
		0647B5961C31E1D800BAC183 /* Debug */ = {
			isa = XCBuildConfiguration;
			baseConfigurationReference = 6B8C6FD05508BEFFD58DB3BF /* Pods-TicTacToeAppTests.debug.xcconfig */;
			buildSettings = {
				BUNDLE_LOADER = "$(TEST_HOST)";
				INFOPLIST_FILE = TicTacToeAppTests/Info.plist;
				LD_RUNPATH_SEARCH_PATHS = "$(inherited) @executable_path/Frameworks @loader_path/Frameworks";
				PRODUCT_BUNDLE_IDENTIFIER = scarvill.TicTacToeAppTests;
				PRODUCT_NAME = "$(TARGET_NAME)";
				TEST_HOST = "$(BUILT_PRODUCTS_DIR)/TicTacToeApp.app/TicTacToeApp";
			};
			name = Debug;
		};
		0647B5971C31E1D800BAC183 /* Release */ = {
			isa = XCBuildConfiguration;
			baseConfigurationReference = 2AECFB298BA2C6F0776B31E5 /* Pods-TicTacToeAppTests.release.xcconfig */;
			buildSettings = {
				BUNDLE_LOADER = "$(TEST_HOST)";
				INFOPLIST_FILE = TicTacToeAppTests/Info.plist;
				LD_RUNPATH_SEARCH_PATHS = "$(inherited) @executable_path/Frameworks @loader_path/Frameworks";
				PRODUCT_BUNDLE_IDENTIFIER = scarvill.TicTacToeAppTests;
				PRODUCT_NAME = "$(TARGET_NAME)";
				TEST_HOST = "$(BUILT_PRODUCTS_DIR)/TicTacToeApp.app/TicTacToeApp";
			};
			name = Release;
		};
/* End XCBuildConfiguration section */

/* Begin XCConfigurationList section */
		0647B5701C31E1D700BAC183 /* Build configuration list for PBXProject "TicTacToeApp" */ = {
			isa = XCConfigurationList;
			buildConfigurations = (
				0647B5901C31E1D800BAC183 /* Debug */,
				0647B5911C31E1D800BAC183 /* Release */,
			);
			defaultConfigurationIsVisible = 0;
			defaultConfigurationName = Release;
		};
		0647B5921C31E1D800BAC183 /* Build configuration list for PBXNativeTarget "TicTacToeApp" */ = {
			isa = XCConfigurationList;
			buildConfigurations = (
				0647B5931C31E1D800BAC183 /* Debug */,
				0647B5941C31E1D800BAC183 /* Release */,
			);
			defaultConfigurationIsVisible = 0;
			defaultConfigurationName = Release;
		};
		0647B5951C31E1D800BAC183 /* Build configuration list for PBXNativeTarget "TicTacToeAppTests" */ = {
			isa = XCConfigurationList;
			buildConfigurations = (
				0647B5961C31E1D800BAC183 /* Debug */,
				0647B5971C31E1D800BAC183 /* Release */,
			);
			defaultConfigurationIsVisible = 0;
			defaultConfigurationName = Release;
		};
/* End XCConfigurationList section */
	};
	rootObject = 0647B56D1C31E1D700BAC183 /* Project object */;
}
